
Microsoft Visual Studio Solution File, Format Version 12.00
# Visual Studio 15
VisualStudioVersion = 15.0.27428.2043
MinimumVisualStudioVersion = 10.0.40219.1
Project("{FAE04EC0-301F-11D3-BF4B-00C04F79EFBC}") = "USBHelperDecryptor", "USBHelperDecryptor\USBHelperDecryptor.csproj", "{CC9DF8C4-BA52-4751-A95D-CF530BF53836}"
EndProject
Global
	GlobalSection(SolutionConfigurationPlatforms) = preSolution
		Debug|Any CPU = Debug|Any CPU
		Release|Any CPU = Release|Any CPU
	EndGlobalSection
	GlobalSection(ProjectConfigurationPlatforms) = postSolution
		{CC9DF8C4-BA52-4751-A95D-CF530BF53836}.Debug|Any CPU.ActiveCfg = Debug|Any CPU
		{CC9DF8C4-BA52-4751-A95D-CF530BF53836}.Debug|Any CPU.Build.0 = Debug|Any CPU
		{CC9DF8C4-BA52-4751-A95D-CF530BF53836}.Release|Any CPU.ActiveCfg = Release|Any CPU
		{CC9DF8C4-BA52-4751-A95D-CF530BF53836}.Release|Any CPU.Build.0 = Release|Any CPU
	EndGlobalSection
	GlobalSection(SolutionProperties) = preSolution
		HideSolutionNode = FALSE
	EndGlobalSection
	GlobalSection(ExtensibilityGlobals) = postSolution
		SolutionGuid = {DB75D05B-77F9-4445-AE25-A5AC79324D18}
	EndGlobalSection
EndGlobal
